
Microsoft Visual Studio Solution File, Format Version 12.00
# Visual Studio 15
VisualStudioVersion = 15.0.28307.168
MinimumVisualStudioVersion = 10.0.40219.1
Project("{FAE04EC0-301F-11D3-BF4B-00C04F79EFBC}") = "WebApiCar", "WebApiCar\WebApiCar.csproj", "{BDC56CF1-BE81-4405-A6FC-298E8A185388}"
EndProject
Global
	GlobalSection(SolutionConfigurationPlatforms) = preSolution
		Debug|Any CPU = Debug|Any CPU
		Release|Any CPU = Release|Any CPU
	EndGlobalSection
	GlobalSection(ProjectConfigurationPlatforms) = postSolution
		{BDC56CF1-BE81-4405-A6FC-298E8A185388}.Debug|Any CPU.ActiveCfg = Debug|Any CPU
		{BDC56CF1-BE81-4405-A6FC-298E8A185388}.Debug|Any CPU.Build.0 = Debug|Any CPU
		{BDC56CF1-BE81-4405-A6FC-298E8A185388}.Release|Any CPU.ActiveCfg = Release|Any CPU
		{BDC56CF1-BE81-4405-A6FC-298E8A185388}.Release|Any CPU.Build.0 = Release|Any CPU
	EndGlobalSection
	GlobalSection(SolutionProperties) = preSolution
		HideSolutionNode = FALSE
	EndGlobalSection
	GlobalSection(ExtensibilityGlobals) = postSolution
		SolutionGuid = {1E51EBCC-8C07-451F-9C60-9945750D19EA}
	EndGlobalSection
EndGlobal
